
Microsoft Visual Studio Solution File, Format Version 12.00
# Visual Studio Version 16
VisualStudioVersion = 16.0.29806.167
MinimumVisualStudioVersion = 10.0.40219.1
Project("{FAE04EC0-301F-11D3-BF4B-00C04F79EFBC}") = "AboutCinema", "AboutCinema\AboutCinema.csproj", "{73B04677-02F1-4CB3-9EE1-388C9992F461}"
EndProject
Global
	GlobalSection(SolutionConfigurationPlatforms) = preSolution
		Debug|Any CPU = Debug|Any CPU
		Release|Any CPU = Release|Any CPU
	EndGlobalSection
	GlobalSection(ProjectConfigurationPlatforms) = postSolution
		{73B04677-02F1-4CB3-9EE1-388C9992F461}.Debug|Any CPU.ActiveCfg = Debug|Any CPU
		{73B04677-02F1-4CB3-9EE1-388C9992F461}.Debug|Any CPU.Build.0 = Debug|Any CPU
		{73B04677-02F1-4CB3-9EE1-388C9992F461}.Release|Any CPU.ActiveCfg = Release|Any CPU
		{73B04677-02F1-4CB3-9EE1-388C9992F461}.Release|Any CPU.Build.0 = Release|Any CPU
	EndGlobalSection
	GlobalSection(SolutionProperties) = preSolution
		HideSolutionNode = FALSE
	EndGlobalSection
	GlobalSection(ExtensibilityGlobals) = postSolution
		SolutionGuid = {44C5827B-20C4-414D-9BCB-FB93DA11EEE4}
	EndGlobalSection
EndGlobal
